
Microsoft Visual Studio Solution File, Format Version 12.00
# Visual Studio Version 17
VisualStudioVersion = 17.2.32616.157
MinimumVisualStudioVersion = 10.0.40219.1
Project("{9A19103F-16F7-4668-BE54-9A1E7A4F7556}") = "ExchangePlatform", "ExchangePlatform\ExchangePlatform.csproj", "{F228793F-5D6A-42DF-9CE7-7160D7562192}"
EndProject
Global
	GlobalSection(SolutionConfigurationPlatforms) = preSolution
		Debug|Any CPU = Debug|Any CPU
		Debug|x64 = Debug|x64
		Release|Any CPU = Release|Any CPU
		Release|x64 = Release|x64
	EndGlobalSection
	GlobalSection(ProjectConfigurationPlatforms) = postSolution
		{F228793F-5D6A-42DF-9CE7-7160D7562192}.Debug|Any CPU.ActiveCfg = Debug|Any CPU
		{F228793F-5D6A-42DF-9CE7-7160D7562192}.Debug|Any CPU.Build.0 = Debug|Any CPU
		{F228793F-5D6A-42DF-9CE7-7160D7562192}.Debug|x64.ActiveCfg = Debug|x64
		{F228793F-5D6A-42DF-9CE7-7160D7562192}.Debug|x64.Build.0 = Debug|x64
		{F228793F-5D6A-42DF-9CE7-7160D7562192}.Release|Any CPU.ActiveCfg = Release|Any CPU
		{F228793F-5D6A-42DF-9CE7-7160D7562192}.Release|Any CPU.Build.0 = Release|Any CPU
		{F228793F-5D6A-42DF-9CE7-7160D7562192}.Release|x64.ActiveCfg = Release|x64
		{F228793F-5D6A-42DF-9CE7-7160D7562192}.Release|x64.Build.0 = Release|x64
	EndGlobalSection
	GlobalSection(SolutionProperties) = preSolution
		HideSolutionNode = FALSE
	EndGlobalSection
	GlobalSection(ExtensibilityGlobals) = postSolution
		SolutionGuid = {953AB07D-16EC-48B6-8DB0-121BBFAA2232}
	EndGlobalSection
EndGlobal
